# THIS IS AN AUTOGENERATED FILE. DO NOT EDIT THIS FILE DIRECTLY.
# yarn lockfile v1


"@lit/reactive-element@^1.3.0":
  version "1.3.4"
  resolved "https://registry.yarnpkg.com/@lit/reactive-element/-/reactive-element-1.3.4.tgz#c4492a54387f7b1020d498a348403229583d1c06"
  integrity sha512-I1wz4uxOA52zSBhKmv4KQWLJpCyvfpnDg+eQR6mjpRgV+Ldi14HLPpSUpJklZRldz0fFmGCC/kVmuc/3cPFqCg==

"@types/trusted-types@^2.0.2":
  version "2.0.2"
  resolved "https://registry.yarnpkg.com/@types/trusted-types/-/trusted-types-2.0.2.tgz#fc25ad9943bcac11cceb8168db4f275e0e72e756"
  integrity sha512-F5DIZ36YVLE+PN+Zwws4kJogq47hNgX3Nx6WyDJ3kcplxyke3XIzB8uK5n/Lpm1HBsbGzd6nmGehL8cPekP+Tg==

lit-element@^3.2.0:
  version "3.2.2"
  resolved "https://registry.yarnpkg.com/lit-element/-/lit-element-3.2.2.tgz#d148ab6bf4c53a33f707a5168e087725499e5f2b"
  integrity sha512-6ZgxBR9KNroqKb6+htkyBwD90XGRiqKDHVrW/Eh0EZ+l+iC+u+v+w3/BA5NGi4nizAVHGYvQBHUDuSmLjPp7NQ==
  dependencies:
    "@lit/reactive-element" "^1.3.0"
    lit-html "^2.2.0"

lit-html@^2.2.0:
  version "2.2.7"
  resolved "https://registry.yarnpkg.com/lit-html/-/lit-html-2.2.7.tgz#390a45589f55b95106da1f860b6aa2894ab34373"
  integrity sha512-JhqiAwO1l03kRe68uBZ0i2x4ef2S5szY9vvP411nlrFZIpKK4/hwnhA/15bqbvxe1lV3ipBdhaOzHmyOk7QIRg==
  dependencies:
    "@types/trusted-types" "^2.0.2"

lit@^2.2.8:
  version "2.2.8"
  resolved "https://registry.yarnpkg.com/lit/-/lit-2.2.8.tgz#26bdf560042aa3ec9b788f5d48119f7138b2dcc1"
  integrity sha512-QjeNbi/H9LVIHR+u0OqsL+hs62a16m02JlJHYN48HcBuXyiPYR8JvzsTp5dYYS81l+b9Emp3UaGo82EheV0pog==
  dependencies:
    "@lit/reactive-element" "^1.3.0"
    lit-element "^3.2.0"
    lit-html "^2.2.0"
